// !$*UTF8*$!
{
	archiveVersion = 1;
	classes = {
	};
	objectVersion = 46;
	objects = {

/* Begin PBXBuildFile section */
		4A2D72B01E315C07007ABD60 /* AppDelegate.swift in Sources */ = {isa = PBXBuildFile; fileRef = 4A2D72AF1E315C07007ABD60 /* AppDelegate.swift */; };
		4A2D72B21E315C07007ABD60 /* MainVC.swift in Sources */ = {isa = PBXBuildFile; fileRef = 4A2D72B11E315C07007ABD60 /* MainVC.swift */; };
		4A2D72B51E315C07007ABD60 /* Main.storyboard in Resources */ = {isa = PBXBuildFile; fileRef = 4A2D72B31E315C07007ABD60 /* Main.storyboard */; };
		4A2D72B81E315C07007ABD60 /* Speedometer.xcdatamodeld in Sources */ = {isa = PBXBuildFile; fileRef = 4A2D72B61E315C07007ABD60 /* Speedometer.xcdatamodeld */; };
		4A2D72BA1E315C07007ABD60 /* Assets.xcassets in Resources */ = {isa = PBXBuildFile; fileRef = 4A2D72B91E315C07007ABD60 /* Assets.xcassets */; };
		4A2D72BD1E315C07007ABD60 /* LaunchScreen.storyboard in Resources */ = {isa = PBXBuildFile; fileRef = 4A2D72BB1E315C07007ABD60 /* LaunchScreen.storyboard */; };
		4A2D72C61E31607C007ABD60 /* MapKit.framework in Frameworks */ = {isa = PBXBuildFile; fileRef = 4A2D72C51E31607C007ABD60 /* MapKit.framework */; };
		4A2D72C81E3163C3007ABD60 /* CoreLocation.framework in Frameworks */ = {isa = PBXBuildFile; fileRef = 4A2D72C71E3163C3007ABD60 /* CoreLocation.framework */; };
		4A2D72CA1E316408007ABD60 /* Foundation.framework in Frameworks */ = {isa = PBXBuildFile; fileRef = 4A2D72C91E316408007ABD60 /* Foundation.framework */; };
		4A2D72CC1E316412007ABD60 /* UIKit.framework in Frameworks */ = {isa = PBXBuildFile; fileRef = 4A2D72CB1E316412007ABD60 /* UIKit.framework */; };
		4A5008221E4A59C000A48F05 /* CoreDataManager.swift in Sources */ = {isa = PBXBuildFile; fileRef = 4A5008211E4A59C000A48F05 /* CoreDataManager.swift */; };
		4A8C629E1E355F9D002E71E4 /* CarDetailVC.swift in Sources */ = {isa = PBXBuildFile; fileRef = 4A8C629D1E355F9D002E71E4 /* CarDetailVC.swift */; };
		4A9D07821E33D8BF00BC117C /* SettingsVC.swift in Sources */ = {isa = PBXBuildFile; fileRef = 4A9D07811E33D8BF00BC117C /* SettingsVC.swift */; };
		4A9D07841E33FA6C00BC117C /* CarsListVC.swift in Sources */ = {isa = PBXBuildFile; fileRef = 4A9D07831E33FA6C00BC117C /* CarsListVC.swift */; };
		4A9D07861E33FA8800BC117C /* CarsCell.swift in Sources */ = {isa = PBXBuildFile; fileRef = 4A9D07851E33FA8800BC117C /* CarsCell.swift */; };
/* End PBXBuildFile section */

/* Begin PBXFileReference section */
		4A2D72AC1E315C07007ABD60 /* Speedometer.app */ = {isa = PBXFileReference; explicitFileType = wrapper.application; includeInIndex = 0; path = Speedometer.app; sourceTree = BUILT_PRODUCTS_DIR; };
		4A2D72AF1E315C07007ABD60 /* AppDelegate.swift */ = {isa = PBXFileReference; lastKnownFileType = sourcecode.swift; path = AppDelegate.swift; sourceTree = "<group>"; };
		4A2D72B11E315C07007ABD60 /* MainVC.swift */ = {isa = PBXFileReference; lastKnownFileType = sourcecode.swift; path = MainVC.swift; sourceTree = "<group>"; };
		4A2D72B41E315C07007ABD60 /* Base */ = {isa = PBXFileReference; lastKnownFileType = file.storyboard; name = Base; path = Base.lproj/Main.storyboard; sourceTree = "<group>"; };
		4A2D72B71E315C07007ABD60 /* Speedometer.xcdatamodel */ = {isa = PBXFileReference; lastKnownFileType = wrapper.xcdatamodel; path = Speedometer.xcdatamodel; sourceTree = "<group>"; };
		4A2D72B91E315C07007ABD60 /* Assets.xcassets */ = {isa = PBXFileReference; lastKnownFileType = folder.assetcatalog; path = Assets.xcassets; sourceTree = "<group>"; };
		4A2D72BC1E315C07007ABD60 /* Base */ = {isa = PBXFileReference; lastKnownFileType = file.storyboard; name = Base; path = Base.lproj/LaunchScreen.storyboard; sourceTree = "<group>"; };
		4A2D72BE1E315C07007ABD60 /* Info.plist */ = {isa = PBXFileReference; lastKnownFileType = text.plist.xml; path = Info.plist; sourceTree = "<group>"; };
		4A2D72C51E31607C007ABD60 /* MapKit.framework */ = {isa = PBXFileReference; lastKnownFileType = wrapper.framework; name = MapKit.framework; path = System/Library/Frameworks/MapKit.framework; sourceTree = SDKROOT; };
		4A2D72C71E3163C3007ABD60 /* CoreLocation.framework */ = {isa = PBXFileReference; lastKnownFileType = wrapper.framework; name = CoreLocation.framework; path = System/Library/Frameworks/CoreLocation.framework; sourceTree = SDKROOT; };
		4A2D72C91E316408007ABD60 /* Foundation.framework */ = {isa = PBXFileReference; lastKnownFileType = wrapper.framework; name = Foundation.framework; path = System/Library/Frameworks/Foundation.framework; sourceTree = SDKROOT; };
		4A2D72CB1E316412007ABD60 /* UIKit.framework */ = {isa = PBXFileReference; lastKnownFileType = wrapper.framework; name = UIKit.framework; path = System/Library/Frameworks/UIKit.framework; sourceTree = SDKROOT; };
		4A5008211E4A59C000A48F05 /* CoreDataManager.swift */ = {isa = PBXFileReference; fileEncoding = 4; lastKnownFileType = sourcecode.swift; path = CoreDataManager.swift; sourceTree = "<group>"; };
		4A8C629D1E355F9D002E71E4 /* CarDetailVC.swift */ = {isa = PBXFileReference; fileEncoding = 4; lastKnownFileType = sourcecode.swift; path = CarDetailVC.swift; sourceTree = "<group>"; };
		4A9D07811E33D8BF00BC117C /* SettingsVC.swift */ = {isa = PBXFileReference; fileEncoding = 4; lastKnownFileType = sourcecode.swift; path = SettingsVC.swift; sourceTree = "<group>"; };
		4A9D07831E33FA6C00BC117C /* CarsListVC.swift */ = {isa = PBXFileReference; fileEncoding = 4; lastKnownFileType = sourcecode.swift; path = CarsListVC.swift; sourceTree = "<group>"; };
		4A9D07851E33FA8800BC117C /* CarsCell.swift */ = {isa = PBXFileReference; fileEncoding = 4; lastKnownFileType = sourcecode.swift; path = CarsCell.swift; sourceTree = "<group>"; };
/* End PBXFileReference section */

/* Begin PBXFrameworksBuildPhase section */
		4A2D72A91E315C06007ABD60 /* Frameworks */ = {
			isa = PBXFrameworksBuildPhase;
			buildActionMask = 2147483647;
			files = (
				4A2D72CC1E316412007ABD60 /* UIKit.framework in Frameworks */,
				4A2D72CA1E316408007ABD60 /* Foundation.framework in Frameworks */,
				4A2D72C81E3163C3007ABD60 /* CoreLocation.framework in Frameworks */,
				4A2D72C61E31607C007ABD60 /* MapKit.framework in Frameworks */,
			);
			runOnlyForDeploymentPostprocessing = 0;
		};
/* End PBXFrameworksBuildPhase section */

/* Begin PBXGroup section */
		4A2D72A31E315C06007ABD60 = {
			isa = PBXGroup;
			children = (
				4A2D72AE1E315C07007ABD60 /* Speedometer */,
				4A2D72AD1E315C07007ABD60 /* Products */,
				4A2D72C41E31607C007ABD60 /* Frameworks */,
			);
			sourceTree = "<group>";
		};
		4A2D72AD1E315C07007ABD60 /* Products */ = {
			isa = PBXGroup;
			children = (
				4A2D72AC1E315C07007ABD60 /* Speedometer.app */,
			);
			name = Products;
			sourceTree = "<group>";
		};
		4A2D72AE1E315C07007ABD60 /* Speedometer */ = {
			isa = PBXGroup;
			children = (
				4A5008241E4A5D1300A48F05 /* support */,
				4A2D72AF1E315C07007ABD60 /* AppDelegate.swift */,
				4A9D07801E33D6B500BC117C /* VCs */,
				4A2D72B31E315C07007ABD60 /* Main.storyboard */,
				4A2D72B91E315C07007ABD60 /* Assets.xcassets */,
				4A2D72BB1E315C07007ABD60 /* LaunchScreen.storyboard */,
				4A2D72BE1E315C07007ABD60 /* Info.plist */,
				4A2D72B61E315C07007ABD60 /* Speedometer.xcdatamodeld */,
				4A9D07851E33FA8800BC117C /* CarsCell.swift */,
			);
			path = Speedometer;
			sourceTree = "<group>";
		};
		4A2D72C41E31607C007ABD60 /* Frameworks */ = {
			isa = PBXGroup;
			children = (
				4A2D72CB1E316412007ABD60 /* UIKit.framework */,
				4A2D72C91E316408007ABD60 /* Foundation.framework */,
				4A2D72C71E3163C3007ABD60 /* CoreLocation.framework */,
				4A2D72C51E31607C007ABD60 /* MapKit.framework */,
			);
			name = Frameworks;
			sourceTree = "<group>";
		};
		4A5008241E4A5D1300A48F05 /* support */ = {
			isa = PBXGroup;
			children = (
				4A5008211E4A59C000A48F05 /* CoreDataManager.swift */,
			);
			name = support;
			sourceTree = "<group>";
		};
		4A9D07801E33D6B500BC117C /* VCs */ = {
			isa = PBXGroup;
			children = (
				4A2D72B11E315C07007ABD60 /* MainVC.swift */,
				4A9D07811E33D8BF00BC117C /* SettingsVC.swift */,
				4A9D07831E33FA6C00BC117C /* CarsListVC.swift */,
				4A8C629D1E355F9D002E71E4 /* CarDetailVC.swift */,
			);
			name = VCs;
			sourceTree = "<group>";
		};
/* End PBXGroup section */

/* Begin PBXNativeTarget section */
		4A2D72AB1E315C06007ABD60 /* Speedometer */ = {
			isa = PBXNativeTarget;
			buildConfigurationList = 4A2D72C11E315C07007ABD60 /* Build configuration list for PBXNativeTarget "Speedometer" */;
			buildPhases = (
				4A2D72A81E315C06007ABD60 /* Sources */,
				4A2D72A91E315C06007ABD60 /* Frameworks */,
				4A2D72AA1E315C06007ABD60 /* Resources */,
			);
			buildRules = (
			);
			dependencies = (
			);
			name = Speedometer;
			productName = Speedometer;
			productReference = 4A2D72AC1E315C07007ABD60 /* Speedometer.app */;
			productType = "com.apple.product-type.application";
		};
/* End PBXNativeTarget section */

/* Begin PBXProject section */
		4A2D72A41E315C06007ABD60 /* Project object */ = {
			isa = PBXProject;
			attributes = {
				LastSwiftUpdateCheck = 0820;
				LastUpgradeCheck = 0820;
				ORGANIZATIONNAME = Tom;
				TargetAttributes = {
					4A2D72AB1E315C06007ABD60 = {
						CreatedOnToolsVersion = 8.2.1;
						DevelopmentTeam = MFUCX9CHY4;
						ProvisioningStyle = Automatic;
						SystemCapabilities = {
							com.apple.BackgroundModes = {
								enabled = 1;
							};
							com.apple.Maps.iOS = {
								enabled = 1;
							};
						};
					};
				};
			};
			buildConfigurationList = 4A2D72A71E315C06007ABD60 /* Build configuration list for PBXProject "Speedometer" */;
			compatibilityVersion = "Xcode 3.2";
			developmentRegion = English;
			hasScannedForEncodings = 0;
			knownRegions = (
				en,
				Base,
			);
			mainGroup = 4A2D72A31E315C06007ABD60;
			productRefGroup = 4A2D72AD1E315C07007ABD60 /* Products */;
			projectDirPath = "";
			projectRoot = "";
			targets = (
				4A2D72AB1E315C06007ABD60 /* Speedometer */,
			);
		};
/* End PBXProject section */

/* Begin PBXResourcesBuildPhase section */
		4A2D72AA1E315C06007ABD60 /* Resources */ = {
			isa = PBXResourcesBuildPhase;
			buildActionMask = 2147483647;
			files = (
				4A2D72BD1E315C07007ABD60 /* LaunchScreen.storyboard in Resources */,
				4A2D72BA1E315C07007ABD60 /* Assets.xcassets in Resources */,
				4A2D72B51E315C07007ABD60 /* Main.storyboard in Resources */,
			);
			runOnlyForDeploymentPostprocessing = 0;
		};
/* End PBXResourcesBuildPhase section */

/* Begin PBXSourcesBuildPhase section */
		4A2D72A81E315C06007ABD60 /* Sources */ = {
			isa = PBXSourcesBuildPhase;
			buildActionMask = 2147483647;
			files = (
				4A2D72B21E315C07007ABD60 /* MainVC.swift in Sources */,
				4A9D07821E33D8BF00BC117C /* SettingsVC.swift in Sources */,
				4A9D07861E33FA8800BC117C /* CarsCell.swift in Sources */,
				4A9D07841E33FA6C00BC117C /* CarsListVC.swift in Sources */,
				4A2D72B01E315C07007ABD60 /* AppDelegate.swift in Sources */,
				4A2D72B81E315C07007ABD60 /* Speedometer.xcdatamodeld in Sources */,
				4A5008221E4A59C000A48F05 /* CoreDataManager.swift in Sources */,
				4A8C629E1E355F9D002E71E4 /* CarDetailVC.swift in Sources */,
			);
			runOnlyForDeploymentPostprocessing = 0;
		};
/* End PBXSourcesBuildPhase section */

/* Begin PBXVariantGroup section */
		4A2D72B31E315C07007ABD60 /* Main.storyboard */ = {
			isa = PBXVariantGroup;
			children = (
				4A2D72B41E315C07007ABD60 /* Base */,
			);
			name = Main.storyboard;
			sourceTree = "<group>";
		};
		4A2D72BB1E315C07007ABD60 /* LaunchScreen.storyboard */ = {
			isa = PBXVariantGroup;
			children = (
				4A2D72BC1E315C07007ABD60 /* Base */,
			);
			name = LaunchScreen.storyboard;
			sourceTree = "<group>";
		};
/* End PBXVariantGroup section */

/* Begin XCBuildConfiguration section */
		4A2D72BF1E315C07007ABD60 /* Debug */ = {
			isa = XCBuildConfiguration;
			buildSettings = {
				ALWAYS_SEARCH_USER_PATHS = NO;
				CLANG_ANALYZER_NONNULL = YES;
				CLANG_CXX_LANGUAGE_STANDARD = "gnu++0x";
				CLANG_CXX_LIBRARY = "libc++";
				CLANG_ENABLE_MODULES = YES;
				CLANG_ENABLE_OBJC_ARC = YES;
				CLANG_WARN_BOOL_CONVERSION = YES;
				CLANG_WARN_CONSTANT_CONVERSION = YES;
				CLANG_WARN_DIRECT_OBJC_ISA_USAGE = YES_ERROR;
				CLANG_WARN_DOCUMENTATION_COMMENTS = YES;
				CLANG_WARN_EMPTY_BODY = YES;
				CLANG_WARN_ENUM_CONVERSION = YES;
				CLANG_WARN_INFINITE_RECURSION = YES;
				CLANG_WARN_INT_CONVERSION = YES;
				CLANG_WARN_OBJC_ROOT_CLASS = YES_ERROR;
				CLANG_WARN_SUSPICIOUS_MOVE = YES;
				CLANG_WARN_UNREACHABLE_CODE = YES;
				CLANG_WARN__DUPLICATE_METHOD_MATCH = YES;
				"CODE_SIGN_IDENTITY[sdk=iphoneos*]" = "iPhone Developer";
				COPY_PHASE_STRIP = NO;
				DEBUG_INFORMATION_FORMAT = dwarf;
				ENABLE_STRICT_OBJC_MSGSEND = YES;
				ENABLE_TESTABILITY = YES;
				GCC_C_LANGUAGE_STANDARD = gnu99;
				GCC_DYNAMIC_NO_PIC = NO;
				GCC_NO_COMMON_BLOCKS = YES;
				GCC_OPTIMIZATION_LEVEL = 0;
				GCC_PREPROCESSOR_DEFINITIONS = (
					"DEBUG=1",
					"$(inherited)",
				);
				GCC_WARN_64_TO_32_BIT_CONVERSION = YES;
				GCC_WARN_ABOUT_RETURN_TYPE = YES_ERROR;
				GCC_WARN_UNDECLARED_SELECTOR = YES;
				GCC_WARN_UNINITIALIZED_AUTOS = YES_AGGRESSIVE;
				GCC_WARN_UNUSED_FUNCTION = YES;
				GCC_WARN_UNUSED_VARIABLE = YES;
				IPHONEOS_DEPLOYMENT_TARGET = 10.2;
				MTL_ENABLE_DEBUG_INFO = YES;
				ONLY_ACTIVE_ARCH = YES;
				SDKROOT = iphoneos;
				SWIFT_ACTIVE_COMPILATION_CONDITIONS = DEBUG;
				SWIFT_OPTIMIZATION_LEVEL = "-Onone";
				TARGETED_DEVICE_FAMILY = "1,2";
			};
			name = Debug;
		};
		4A2D72C01E315C07007ABD60 /* Release */ = {
			isa = XCBuildConfiguration;
			buildSettings = {
				ALWAYS_SEARCH_USER_PATHS = NO;
				CLANG_ANALYZER_NONNULL = YES;
				CLANG_CXX_LANGUAGE_STANDARD = "gnu++0x";
				CLANG_CXX_LIBRARY = "libc++";
				CLANG_ENABLE_MODULES = YES;
				CLANG_ENABLE_OBJC_ARC = YES;
				CLANG_WARN_BOOL_CONVERSION = YES;
				CLANG_WARN_CONSTANT_CONVERSION = YES;
				CLANG_WARN_DIRECT_OBJC_ISA_USAGE = YES_ERROR;
				CLANG_WARN_DOCUMENTATION_COMMENTS = YES;
				CLANG_WARN_EMPTY_BODY = YES;
				CLANG_WARN_ENUM_CONVERSION = YES;
				CLANG_WARN_INFINITE_RECURSION = YES;
				CLANG_WARN_INT_CONVERSION = YES;
				CLANG_WARN_OBJC_ROOT_CLASS = YES_ERROR;
				CLANG_WARN_SUSPICIOUS_MOVE = YES;
				CLANG_WARN_UNREACHABLE_CODE = YES;
				CLANG_WARN__DUPLICATE_METHOD_MATCH = YES;
				"CODE_SIGN_IDENTITY[sdk=iphoneos*]" = "iPhone Developer";
				COPY_PHASE_STRIP = NO;
				DEBUG_INFORMATION_FORMAT = "dwarf-with-dsym";
				ENABLE_NS_ASSERTIONS = NO;
				ENABLE_STRICT_OBJC_MSGSEND = YES;
				GCC_C_LANGUAGE_STANDARD = gnu99;
				GCC_NO_COMMON_BLOCKS = YES;
				GCC_WARN_64_TO_32_BIT_CONVERSION = YES;
				GCC_WARN_ABOUT_RETURN_TYPE = YES_ERROR;
				GCC_WARN_UNDECLARED_SELECTOR = YES;
				GCC_WARN_UNINITIALIZED_AUTOS = YES_AGGRESSIVE;
				GCC_WARN_UNUSED_FUNCTION = YES;
				GCC_WARN_UNUSED_VARIABLE = YES;
				IPHONEOS_DEPLOYMENT_TARGET = 10.2;
				MTL_ENABLE_DEBUG_INFO = NO;
				SDKROOT = iphoneos;
				SWIFT_OPTIMIZATION_LEVEL = "-Owholemodule";
				TARGETED_DEVICE_FAMILY = "1,2";
				VALIDATE_PRODUCT = YES;
			};
			name = Release;
		};
		4A2D72C21E315C07007ABD60 /* Debug */ = {
			isa = XCBuildConfiguration;
			buildSettings = {
				ASSETCATALOG_COMPILER_APPICON_NAME = AppIcon;
				DEVELOPMENT_TEAM = MFUCX9CHY4;
				INFOPLIST_FILE = Speedometer/Info.plist;
				LD_RUNPATH_SEARCH_PATHS = "$(inherited) @executable_path/Frameworks";
				PRODUCT_BUNDLE_IDENTIFIER = Tom.Speedometer;
				PRODUCT_NAME = "$(TARGET_NAME)";
				SWIFT_VERSION = 3.0;
			};
			name = Debug;
		};
		4A2D72C31E315C07007ABD60 /* Release */ = {
			isa = XCBuildConfiguration;
			buildSettings = {
				ASSETCATALOG_COMPILER_APPICON_NAME = AppIcon;
				DEVELOPMENT_TEAM = MFUCX9CHY4;
				INFOPLIST_FILE = Speedometer/Info.plist;
				LD_RUNPATH_SEARCH_PATHS = "$(inherited) @executable_path/Frameworks";
				PRODUCT_BUNDLE_IDENTIFIER = Tom.Speedometer;
				PRODUCT_NAME = "$(TARGET_NAME)";
				SWIFT_VERSION = 3.0;
			};
			name = Release;
		};
/* End XCBuildConfiguration section */

/* Begin XCConfigurationList section */
		4A2D72A71E315C06007ABD60 /* Build configuration list for PBXProject "Speedometer" */ = {
			isa = XCConfigurationList;
			buildConfigurations = (
				4A2D72BF1E315C07007ABD60 /* Debug */,
				4A2D72C01E315C07007ABD60 /* Release */,
			);
			defaultConfigurationIsVisible = 0;
			defaultConfigurationName = Release;
		};
		4A2D72C11E315C07007ABD60 /* Build configuration list for PBXNativeTarget "Speedometer" */ = {
			isa = XCConfigurationList;
			buildConfigurations = (
				4A2D72C21E315C07007ABD60 /* Debug */,
				4A2D72C31E315C07007ABD60 /* Release */,
			);
			defaultConfigurationIsVisible = 0;
			defaultConfigurationName = Release;
		};
/* End XCConfigurationList section */

/* Begin XCVersionGroup section */
		4A2D72B61E315C07007ABD60 /* Speedometer.xcdatamodeld */ = {
			isa = XCVersionGroup;
			children = (
				4A2D72B71E315C07007ABD60 /* Speedometer.xcdatamodel */,
			);
			currentVersion = 4A2D72B71E315C07007ABD60 /* Speedometer.xcdatamodel */;
			path = Speedometer.xcdatamodeld;
			sourceTree = "<group>";
			versionGroupType = wrapper.xcdatamodel;
		};
/* End XCVersionGroup section */
	};
	rootObject = 4A2D72A41E315C06007ABD60 /* Project object */;
}
